
Microsoft Visual Studio Solution File, Format Version 12.00
# Visual Studio Version 16
VisualStudioVersion = 16.0.809.7
MinimumVisualStudioVersion = 10.0.40219.1
Project("{FAE04EC0-301F-11D3-BF4B-00C04F79EFBC}") = "CalculatorWebApi", "CalculatorWebApi\CalculatorWebApi.csproj", "{49FCBBB6-A2B8-4A9B-962D-B7DAEDE63C6D}"
EndProject
Project("{FAE04EC0-301F-11D3-BF4B-00C04F79EFBC}") = "CalculatorWebApi.UnitTests", "CalculatorWebApi.UnitTests\CalculatorWebApi.UnitTests.csproj", "{269D083D-EF8E-4964-8E68-736C8D47C945}"
EndProject
Global
	GlobalSection(SolutionConfigurationPlatforms) = preSolution
		Debug|Any CPU = Debug|Any CPU
		Release|Any CPU = Release|Any CPU
	EndGlobalSection
	GlobalSection(ProjectConfigurationPlatforms) = postSolution
		{49FCBBB6-A2B8-4A9B-962D-B7DAEDE63C6D}.Debug|Any CPU.ActiveCfg = Debug|Any CPU
		{49FCBBB6-A2B8-4A9B-962D-B7DAEDE63C6D}.Debug|Any CPU.Build.0 = Debug|Any CPU
		{49FCBBB6-A2B8-4A9B-962D-B7DAEDE63C6D}.Release|Any CPU.ActiveCfg = Release|Any CPU
		{49FCBBB6-A2B8-4A9B-962D-B7DAEDE63C6D}.Release|Any CPU.Build.0 = Release|Any CPU
		{269D083D-EF8E-4964-8E68-736C8D47C945}.Debug|Any CPU.ActiveCfg = Debug|Any CPU
		{269D083D-EF8E-4964-8E68-736C8D47C945}.Debug|Any CPU.Build.0 = Debug|Any CPU
		{269D083D-EF8E-4964-8E68-736C8D47C945}.Release|Any CPU.ActiveCfg = Release|Any CPU
		{269D083D-EF8E-4964-8E68-736C8D47C945}.Release|Any CPU.Build.0 = Release|Any CPU
	EndGlobalSection
	GlobalSection(SolutionProperties) = preSolution
		HideSolutionNode = FALSE
	EndGlobalSection
	GlobalSection(ExtensibilityGlobals) = postSolution
		SolutionGuid = {8F789251-9D40-4C1B-A543-B6E8A8D6EAAF}
	EndGlobalSection
EndGlobal
